
Microsoft Visual Studio Solution File, Format Version 12.00
# Visual Studio Version 17
VisualStudioVersion = 17.12.35707.178 d17.12
MinimumVisualStudioVersion = 10.0.40219.1
Project("{FAE04EC0-301F-11D3-BF4B-00C04F79EFBC}") = "Lab2Parte3", "Lab2Parte3\Lab2Parte3.csproj", "{419C7C9E-7B7B-4787-AA25-B1C76C1EDB50}"
EndProject
Global
	GlobalSection(SolutionConfigurationPlatforms) = preSolution
		Debug|Any CPU = Debug|Any CPU
		Release|Any CPU = Release|Any CPU
	EndGlobalSection
	GlobalSection(ProjectConfigurationPlatforms) = postSolution
		{419C7C9E-7B7B-4787-AA25-B1C76C1EDB50}.Debug|Any CPU.ActiveCfg = Debug|Any CPU
		{419C7C9E-7B7B-4787-AA25-B1C76C1EDB50}.Debug|Any CPU.Build.0 = Debug|Any CPU
		{419C7C9E-7B7B-4787-AA25-B1C76C1EDB50}.Release|Any CPU.ActiveCfg = Release|Any CPU
		{419C7C9E-7B7B-4787-AA25-B1C76C1EDB50}.Release|Any CPU.Build.0 = Release|Any CPU
	EndGlobalSection
	GlobalSection(SolutionProperties) = preSolution
		HideSolutionNode = FALSE
	EndGlobalSection
EndGlobal
